{
  "name": "symbols-subset",
  "version": "1.0.0",
  "lockfileVersion": 3,
  "requires": true,
  "packages": {
    "": {
      "name": "symbols-subset",
      "version": "1.0.0",
      "license": "Apache-2.0",
      "dependencies": {
        "harfbuzzjs": "^0.3.3"
      }
    },
    "node_modules/harfbuzzjs": {
      "version": "0.3.3",
      "resolved": "https://registry.npmjs.org/harfbuzzjs/-/harfbuzzjs-0.3.3.tgz",
      "integrity": "sha512-48C/LOUweD//LTqaQAS9VMOBNPh7DhyJEmdzh5/1GgjNA8kGZMVZKTzkvarBDtiKKaKG5whx7qXU8OeSNLmWcA=="
    }
  }
}
